<?xml version="1.0" encoding="utf-8"?>
<Project xmlns="http://schemas.microsoft.com/developer/msbuild/2003">
  <ItemGroup>
    <Filter Include="Form Files">
      <UniqueIdentifier>{99349809-55BA-4b9d-BF79-8FDBB0286EB3}</UniqueIdentifier>
      <Extensions>ui</Extensions>
      <ParseFiles>false</ParseFiles>
    </Filter>
    <Filter Include="Form Files">
      <UniqueIdentifier>{99349809-55BA-4b9d-BF79-8FDBB0286EB3}</UniqueIdentifier>
      <Extensions>ui</Extensions>
      <ParseFiles>false</ParseFiles>
    </Filter>
    <Filter Include="Generated Files">
      <UniqueIdentifier>{71ED8ED8-ACB9-4CE9-BBE1-E00B30144E11}</UniqueIdentifier>
      <Extensions>cpp;c;cxx;moc;h;def;odl;idl;res;</Extensions>
    </Filter>
    <Filter Include="Generated Files">
      <UniqueIdentifier>{71ED8ED8-ACB9-4CE9-BBE1-E00B30144E11}</UniqueIdentifier>
      <Extensions>cpp;c;cxx;moc;h;def;odl;idl;res;</Extensions>
    </Filter>
    <Filter Include="Header Files">
      <UniqueIdentifier>{93995380-89BD-4b04-88EB-625FBE52EBFB}</UniqueIdentifier>
      <Extensions>h;hpp;hxx;hm;inl;inc;xsd</Extensions>
    </Filter>
    <Filter Include="Header Files">
      <UniqueIdentifier>{93995380-89BD-4b04-88EB-625FBE52EBFB}</UniqueIdentifier>
      <Extensions>h;hpp;hxx;hm;inl;inc;xsd</Extensions>
    </Filter>
    <Filter Include="Resource Files">
      <UniqueIdentifier>{D9D6E242-F8AF-46E4-B9FD-80ECBC20BA3E}</UniqueIdentifier>
      <Extensions>qrc;*</Extensions>
      <ParseFiles>false</ParseFiles>
    </Filter>
    <Filter Include="Resource Files">
      <UniqueIdentifier>{D9D6E242-F8AF-46E4-B9FD-80ECBC20BA3E}</UniqueIdentifier>
      <Extensions>qrc;*</Extensions>
      <ParseFiles>false</ParseFiles>
    </Filter>
    <Filter Include="Source Files">
      <UniqueIdentifier>{4FC737F1-C7A5-4376-A066-2A32D752A2FF}</UniqueIdentifier>
      <Extensions>cpp;c;cxx;def;odl;idl;hpj;bat;asm;asmx</Extensions>
    </Filter>
    <Filter Include="Source Files">
      <UniqueIdentifier>{4FC737F1-C7A5-4376-A066-2A32D752A2FF}</UniqueIdentifier>
      <Extensions>cpp;c;cxx;def;odl;idl;hpj;bat;asm;asmx</Extensions>
    </Filter>
    <Filter Include="Distribution Files">
      <UniqueIdentifier>{B83CAF91-C7BF-462F-B76C-EA11631F866C}</UniqueIdentifier>
      <Extensions>*</Extensions>
      <ParseFiles>false</ParseFiles>
    </Filter>
    <Filter Include="Distribution Files">
      <UniqueIdentifier>{B83CAF91-C7BF-462F-B76C-EA11631F866C}</UniqueIdentifier>
      <Extensions>*</Extensions>
      <ParseFiles>false</ParseFiles>
    </Filter>
  </ItemGroup>
  <ItemGroup>
    <ClCompile Include="Index\About.cpp">
      <Filter>Source Files</Filter>
    </ClCompile>
    <ClCompile Include="Utils\Api.cpp">
      <Filter>Source Files</Filter>
    </ClCompile>
    <ClCompile Include="Utils\ApiCheckVersion.cpp">
      <Filter>Source Files</Filter>
    </ClCompile>
    <ClCompile Include="Utils\ComDownloaderThread.cpp">
      <Filter>Source Files</Filter>
    </ClCompile>
    <ClCompile Include="Utils\ComLineWidget.cpp">
      <Filter>Source Files</Filter>
    </ClCompile>
    <ClCompile Include="Utils\ComLoadingLabel.cpp">
      <Filter>Source Files</Filter>
    </ClCompile>
    <ClCompile Include="Utils\ComLoadingWidget.cpp">
      <Filter>Source Files</Filter>
    </ClCompile>
    <ClCompile Include="Utils\ComMessageBox.cpp">
      <Filter>Source Files</Filter>
    </ClCompile>
    <ClCompile Include="Utils\ComOptionsBox.cpp">
      <Filter>Source Files</Filter>
    </ClCompile>
    <ClCompile Include="Utils\ComSpinWidget.cpp">
      <Filter>Source Files</Filter>
    </ClCompile>
    <ClCompile Include="Utils\ComSplitHWidget.cpp">
      <Filter>Source Files</Filter>
    </ClCompile>
    <ClCompile Include="Utils\ComSplitVWidget.cpp">
      <Filter>Source Files</Filter>
    </ClCompile>
    <ClCompile Include="Index\Index.cpp">
      <Filter>Source Files</Filter>
    </ClCompile>
    <ClCompile Include="3rdparty\QsLog\QsLog.cpp">
      <Filter>Source Files</Filter>
    </ClCompile>
    <ClCompile Include="3rdparty\QsLog\QsLogDest.cpp">
      <Filter>Source Files</Filter>
    </ClCompile>
    <ClCompile Include="3rdparty\QsLog\QsLogDestConsole.cpp">
      <Filter>Source Files</Filter>
    </ClCompile>
    <ClCompile Include="3rdparty\QsLog\QsLogDestFile.cpp">
      <Filter>Source Files</Filter>
    </ClCompile>
    <ClCompile Include="3rdparty\QsLog\QsLogDestFunctor.cpp">
      <Filter>Source Files</Filter>
    </ClCompile>
    <ClCompile Include="Index\ReportThread.cpp">
      <Filter>Source Files</Filter>
    </ClCompile>
    <ClCompile Include="Run\RunDialog.cpp">
      <Filter>Source Files</Filter>
    </ClCompile>
    <ClCompile Include="Run\RunHelper.cpp">
      <Filter>Source Files</Filter>
    </ClCompile>
    <ClCompile Include="Run\RunMessage.cpp">
      <Filter>Source Files</Filter>
    </ClCompile>
    <ClCompile Include="Run\RunThreadPipline.cpp">
      <Filter>Source Files</Filter>
    </ClCompile>
    <ClCompile Include="Run\RunWebEnginePage.cpp">
      <Filter>Source Files</Filter>
    </ClCompile>
    <ClCompile Include="Run\RunWebEngineView.cpp">
      <Filter>Source Files</Filter>
    </ClCompile>
    <ClCompile Include="Run\RunWebEngineViewManager.cpp">
      <Filter>Source Files</Filter>
    </ClCompile>
    <ClCompile Include="Index\Settings.cpp">
      <Filter>Source Files</Filter>
    </ClCompile>
    <ClCompile Include="Index\SettingsProxyDialog.cpp">
      <Filter>Source Files</Filter>
    </ClCompile>
    <ClCompile Include="Run\StartupDialog.cpp">
      <Filter>Source Files</Filter>
    </ClCompile>
    <ClCompile Include="Task\Task.cpp">
      <Filter>Source Files</Filter>
    </ClCompile>
    <ClCompile Include="Task\TaskBrowserMenu.cpp">
      <Filter>Source Files</Filter>
    </ClCompile>
    <ClCompile Include="Task\TaskData.cpp">
      <Filter>Source Files</Filter>
    </ClCompile>
    <ClCompile Include="Task\TaskDataDownloadManager.cpp">
      <Filter>Source Files</Filter>
    </ClCompile>
    <ClCompile Include="Task\TaskDataExportDialog.cpp">
      <Filter>Source Files</Filter>
    </ClCompile>
    <ClCompile Include="Task\TaskDataMenuDialog.cpp">
      <Filter>Source Files</Filter>
    </ClCompile>
    <ClCompile Include="Task\TaskDo.cpp">
      <Filter>Source Files</Filter>
    </ClCompile>
    <ClCompile Include="Task\TaskImport.cpp">
      <Filter>Source Files</Filter>
    </ClCompile>
    <ClCompile Include="Task\TaskManage.cpp">
      <Filter>Source Files</Filter>
    </ClCompile>
    <ClCompile Include="Task\TaskSettings.cpp">
      <Filter>Source Files</Filter>
    </ClCompile>
    <ClCompile Include="Task\TaskSmartAlertDialog.cpp">
      <Filter>Source Files</Filter>
    </ClCompile>
    <ClCompile Include="Task\TaskWebEngineBridge.cpp">
      <Filter>Source Files</Filter>
    </ClCompile>
    <ClCompile Include="Task\TaskWebEnginePage.cpp">
      <Filter>Source Files</Filter>
    </ClCompile>
    <ClCompile Include="Task\TaskWebEngineProfile.cpp">
      <Filter>Source Files</Filter>
    </ClCompile>
    <ClCompile Include="Task\TaskWebEngineView.cpp">
      <Filter>Source Files</Filter>
    </ClCompile>
    <ClCompile Include="Index\VersionDialog.cpp">
      <Filter>Source Files</Filter>
    </ClCompile>
    <ClCompile Include="Utils\database.cpp">
      <Filter>Source Files</Filter>
    </ClCompile>
    <ClCompile Include="Task\mCustomtaskSmartalertClick.cpp">
      <Filter>Source Files</Filter>
    </ClCompile>
    <ClCompile Include="Task\mCustomtaskSmartalertItem.cpp">
      <Filter>Source Files</Filter>
    </ClCompile>
    <ClCompile Include="Task\mCustomtaskSmartalertSelectall.cpp">
      <Filter>Source Files</Filter>
    </ClCompile>
    <ClCompile Include="Task\mCustomtaskSmartalertSuccess.cpp">
      <Filter>Source Files</Filter>
    </ClCompile>
    <ClCompile Include="Task\mCustomtaskSmartalertXpath.cpp">
      <Filter>Source Files</Filter>
    </ClCompile>
    <ClCompile Include="TaskFlow\flowleftwidget\mDownArrow.cpp">
      <Filter>Source Files</Filter>
    </ClCompile>
    <ClCompile Include="TaskFlow\mFcHelper.cpp">
      <Filter>Source Files</Filter>
    </ClCompile>
    <ClCompile Include="TaskFlow\mFcModels.cpp">
      <Filter>Source Files</Filter>
    </ClCompile>
    <ClCompile Include="TaskFlow\flowleftwidget\mFlowButtonWidget.cpp">
      <Filter>Source Files</Filter>
    </ClCompile>
    <ClCompile Include="TaskFlow\flowleftwidget\mFlowIfWidget.cpp">
      <Filter>Source Files</Filter>
    </ClCompile>
    <ClCompile Include="TaskFlow\flowleftwidget\mFlowLoopWidget.cpp">
      <Filter>Source Files</Filter>
    </ClCompile>
    <ClCompile Include="TaskFlow\flowleftwidget\mFlowMenuToolbutton.cpp">
      <Filter>Source Files</Filter>
    </ClCompile>
    <ClCompile Include="TaskFlow\flowright\mFlowRightClickeleWidget.cpp">
      <Filter>Source Files</Filter>
    </ClCompile>
    <ClCompile Include="TaskFlow\flowright\mFlowRightExtractWidget.cpp">
      <Filter>Source Files</Filter>
    </ClCompile>
    <ClCompile Include="TaskFlow\flowright\mFlowRightIfWidget.cpp">
      <Filter>Source Files</Filter>
    </ClCompile>
    <ClCompile Include="TaskFlow\flowright\mFlowRightInputWidget.cpp">
      <Filter>Source Files</Filter>
    </ClCompile>
    <ClCompile Include="TaskFlow\flowright\mFlowRightLoopWidget.cpp">
      <Filter>Source Files</Filter>
    </ClCompile>
    <ClCompile Include="TaskFlow\flowright\mFlowRightMouseWidget.cpp">
      <Filter>Source Files</Filter>
    </ClCompile>
    <ClCompile Include="TaskFlow\flowright\mFlowRightOpenwebWidget.cpp">
      <Filter>Source Files</Filter>
    </ClCompile>
    <ClCompile Include="TaskFlow\flowright\mFlowRightSwitchWidget.cpp">
      <Filter>Source Files</Filter>
    </ClCompile>
    <ClCompile Include="TaskFlow\flowright\mFlowRightTipWidget.cpp">
      <Filter>Source Files</Filter>
    </ClCompile>
    <ClCompile Include="TaskFlow\flowleftwidget\mFlowStepMenuDialog.cpp">
      <Filter>Source Files</Filter>
    </ClCompile>
    <ClCompile Include="TaskFlow\flowright\mOptionBox.cpp">
      <Filter>Source Files</Filter>
    </ClCompile>
    <ClCompile Include="TaskFlow\flowright\mRightSave.cpp">
      <Filter>Source Files</Filter>
    </ClCompile>
    <ClCompile Include="TaskFlow\flowright\mRollWidget.cpp">
      <Filter>Source Files</Filter>
    </ClCompile>
    <ClCompile Include="TaskFlow\mTaskDeserialize.cpp">
      <Filter>Source Files</Filter>
    </ClCompile>
    <ClCompile Include="TaskFlow\mTaskSerialize.cpp">
      <Filter>Source Files</Filter>
    </ClCompile>
    <ClCompile Include="main.cpp">
      <Filter>Source Files</Filter>
    </ClCompile>
    <ClCompile Include="mainwindow.cpp">
      <Filter>Source Files</Filter>
    </ClCompile>
    <ClCompile Include="Utils\models.cpp">
      <Filter>Source Files</Filter>
    </ClCompile>
    <ClCompile Include="TaskFlow\pageCustomtaskFlow.cpp">
      <Filter>Source Files</Filter>
    </ClCompile>
    <ClCompile Include="TaskFlow\pageCustomtaskFlowControl.cpp">
      <Filter>Source Files</Filter>
    </ClCompile>
    <ClCompile Include="tab.cpp">
      <Filter>Source Files</Filter>
    </ClCompile>
    <ClCompile Include="3rdparty\QXlsx\source\xlsxabstractooxmlfile.cpp">
      <Filter>Source Files</Filter>
    </ClCompile>
    <ClCompile Include="3rdparty\QXlsx\source\xlsxabstractsheet.cpp">
      <Filter>Source Files</Filter>
    </ClCompile>
    <ClCompile Include="3rdparty\QXlsx\source\xlsxcell.cpp">
      <Filter>Source Files</Filter>
    </ClCompile>
    <ClCompile Include="3rdparty\QXlsx\source\xlsxcellformula.cpp">
      <Filter>Source Files</Filter>
    </ClCompile>
    <ClCompile Include="3rdparty\QXlsx\source\xlsxcelllocation.cpp">
      <Filter>Source Files</Filter>
    </ClCompile>
    <ClCompile Include="3rdparty\QXlsx\source\xlsxcellrange.cpp">
      <Filter>Source Files</Filter>
    </ClCompile>
    <ClCompile Include="3rdparty\QXlsx\source\xlsxcellreference.cpp">
      <Filter>Source Files</Filter>
    </ClCompile>
    <ClCompile Include="3rdparty\QXlsx\source\xlsxchart.cpp">
      <Filter>Source Files</Filter>
    </ClCompile>
    <ClCompile Include="3rdparty\QXlsx\source\xlsxchartsheet.cpp">
      <Filter>Source Files</Filter>
    </ClCompile>
    <ClCompile Include="3rdparty\QXlsx\source\xlsxcolor.cpp">
      <Filter>Source Files</Filter>
    </ClCompile>
    <ClCompile Include="3rdparty\QXlsx\source\xlsxconditionalformatting.cpp">
      <Filter>Source Files</Filter>
    </ClCompile>
    <ClCompile Include="3rdparty\QXlsx\source\xlsxcontenttypes.cpp">
      <Filter>Source Files</Filter>
    </ClCompile>
    <ClCompile Include="3rdparty\QXlsx\source\xlsxdatavalidation.cpp">
      <Filter>Source Files</Filter>
    </ClCompile>
    <ClCompile Include="3rdparty\QXlsx\source\xlsxdatetype.cpp">
      <Filter>Source Files</Filter>
    </ClCompile>
    <ClCompile Include="3rdparty\QXlsx\source\xlsxdocpropsapp.cpp">
      <Filter>Source Files</Filter>
    </ClCompile>
    <ClCompile Include="3rdparty\QXlsx\source\xlsxdocpropscore.cpp">
      <Filter>Source Files</Filter>
    </ClCompile>
    <ClCompile Include="3rdparty\QXlsx\source\xlsxdocument.cpp">
      <Filter>Source Files</Filter>
    </ClCompile>
    <ClCompile Include="3rdparty\QXlsx\source\xlsxdrawing.cpp">
      <Filter>Source Files</Filter>
    </ClCompile>
    <ClCompile Include="3rdparty\QXlsx\source\xlsxdrawinganchor.cpp">
      <Filter>Source Files</Filter>
    </ClCompile>
    <ClCompile Include="3rdparty\QXlsx\source\xlsxformat.cpp">
      <Filter>Source Files</Filter>
    </ClCompile>
    <ClCompile Include="3rdparty\QXlsx\source\xlsxmediafile.cpp">
      <Filter>Source Files</Filter>
    </ClCompile>
    <ClCompile Include="3rdparty\QXlsx\source\xlsxnumformatparser.cpp">
      <Filter>Source Files</Filter>
    </ClCompile>
    <ClCompile Include="3rdparty\QXlsx\source\xlsxrelationships.cpp">
      <Filter>Source Files</Filter>
    </ClCompile>
    <ClCompile Include="3rdparty\QXlsx\source\xlsxrichstring.cpp">
      <Filter>Source Files</Filter>
    </ClCompile>
    <ClCompile Include="3rdparty\QXlsx\source\xlsxsharedstrings.cpp">
      <Filter>Source Files</Filter>
    </ClCompile>
    <ClCompile Include="3rdparty\QXlsx\source\xlsxsimpleooxmlfile.cpp">
      <Filter>Source Files</Filter>
    </ClCompile>
    <ClCompile Include="3rdparty\QXlsx\source\xlsxstyles.cpp">
      <Filter>Source Files</Filter>
    </ClCompile>
    <ClCompile Include="3rdparty\QXlsx\source\xlsxtheme.cpp">
      <Filter>Source Files</Filter>
    </ClCompile>
    <ClCompile Include="3rdparty\QXlsx\source\xlsxutility.cpp">
      <Filter>Source Files</Filter>
    </ClCompile>
    <ClCompile Include="3rdparty\QXlsx\source\xlsxworkbook.cpp">
      <Filter>Source Files</Filter>
    </ClCompile>
    <ClCompile Include="3rdparty\QXlsx\source\xlsxworksheet.cpp">
      <Filter>Source Files</Filter>
    </ClCompile>
    <ClCompile Include="3rdparty\QXlsx\source\xlsxzipreader.cpp">
      <Filter>Source Files</Filter>
    </ClCompile>
    <ClCompile Include="3rdparty\QXlsx\source\xlsxzipwriter.cpp">
      <Filter>Source Files</Filter>
    </ClCompile>
  </ItemGroup>
  <ItemGroup>
    <QtMoc Include="Index\About.h">
      <Filter>Header Files</Filter>
    </QtMoc>
    <QtMoc Include="Utils\Api.h">
      <Filter>Header Files</Filter>
    </QtMoc>
    <QtMoc Include="Utils\ApiCheckVersion.h">
      <Filter>Header Files</Filter>
    </QtMoc>
    <QtMoc Include="Utils\ComDownloaderThread.h">
      <Filter>Header Files</Filter>
    </QtMoc>
    <QtMoc Include="Utils\ComLineWidget.h">
      <Filter>Header Files</Filter>
    </QtMoc>
    <QtMoc Include="Utils\ComLoadingLabel.h">
      <Filter>Header Files</Filter>
    </QtMoc>
    <QtMoc Include="Utils\ComLoadingWidget.h">
      <Filter>Header Files</Filter>
    </QtMoc>
    <QtMoc Include="Utils\ComMessageBox.h">
      <Filter>Header Files</Filter>
    </QtMoc>
    <QtMoc Include="Utils\ComOptionsBox.h">
      <Filter>Header Files</Filter>
    </QtMoc>
    <QtMoc Include="Utils\ComSpinWidget.h">
      <Filter>Header Files</Filter>
    </QtMoc>
    <QtMoc Include="Utils\ComSplitHWidget.h">
      <Filter>Header Files</Filter>
    </QtMoc>
    <QtMoc Include="Utils\ComSplitVWidget.h">
      <Filter>Header Files</Filter>
    </QtMoc>
    <QtMoc Include="Index\Index.h">
      <Filter>Header Files</Filter>
    </QtMoc>
    <ClInclude Include="3rdparty\QsLog\QsLog.h">
      <Filter>Header Files</Filter>
    </ClInclude>
    <ClInclude Include="3rdparty\QsLog\QsLogDest.h">
      <Filter>Header Files</Filter>
    </ClInclude>
    <ClInclude Include="3rdparty\QsLog\QsLogDestConsole.h">
      <Filter>Header Files</Filter>
    </ClInclude>
    <ClInclude Include="3rdparty\QsLog\QsLogDestFile.h">
      <Filter>Header Files</Filter>
    </ClInclude>
    <QtMoc Include="3rdparty\QsLog\QsLogDestFunctor.h">
      <Filter>Header Files</Filter>
    </QtMoc>
    <ClInclude Include="3rdparty\QsLog\QsLogDisableForThisFile.h">
      <Filter>Header Files</Filter>
    </ClInclude>
    <ClInclude Include="3rdparty\QsLog\QsLogLevel.h">
      <Filter>Header Files</Filter>
    </ClInclude>
    <QtMoc Include="Index\ReportThread.h">
      <Filter>Header Files</Filter>
    </QtMoc>
    <QtMoc Include="Run\RunDialog.h">
      <Filter>Header Files</Filter>
    </QtMoc>
    <QtMoc Include="Run\RunHelper.h">
      <Filter>Header Files</Filter>
    </QtMoc>
    <QtMoc Include="Run\RunMessage.h">
      <Filter>Header Files</Filter>
    </QtMoc>
    <QtMoc Include="Run\RunThreadPipline.h">
      <Filter>Header Files</Filter>
    </QtMoc>
    <QtMoc Include="Run\RunWebEnginePage.h">
      <Filter>Header Files</Filter>
    </QtMoc>
    <QtMoc Include="Run\RunWebEngineView.h">
      <Filter>Header Files</Filter>
    </QtMoc>
    <QtMoc Include="Run\RunWebEngineViewManager.h">
      <Filter>Header Files</Filter>
    </QtMoc>
    <QtMoc Include="Index\Settings.h">
      <Filter>Header Files</Filter>
    </QtMoc>
    <QtMoc Include="Index\SettingsProxyDialog.h">
      <Filter>Header Files</Filter>
    </QtMoc>
    <QtMoc Include="Run\StartupDialog.h">
      <Filter>Header Files</Filter>
    </QtMoc>
    <QtMoc Include="Task\Task.h">
      <Filter>Header Files</Filter>
    </QtMoc>
    <QtMoc Include="Task\TaskBrowserMenu.h">
      <Filter>Header Files</Filter>
    </QtMoc>
    <QtMoc Include="Task\TaskData.h">
      <Filter>Header Files</Filter>
    </QtMoc>
    <QtMoc Include="Task\TaskDataDownloadManager.h">
      <Filter>Header Files</Filter>
    </QtMoc>
    <QtMoc Include="Task\TaskDataExportDialog.h">
      <Filter>Header Files</Filter>
    </QtMoc>
    <QtMoc Include="Task\TaskDataMenuDialog.h">
      <Filter>Header Files</Filter>
    </QtMoc>
    <QtMoc Include="Task\TaskDo.h">
      <Filter>Header Files</Filter>
    </QtMoc>
    <QtMoc Include="Task\TaskImport.h">
      <Filter>Header Files</Filter>
    </QtMoc>
    <QtMoc Include="Task\TaskManage.h">
      <Filter>Header Files</Filter>
    </QtMoc>
    <QtMoc Include="Task\TaskSettings.h">
      <Filter>Header Files</Filter>
    </QtMoc>
    <QtMoc Include="Task\TaskSmartAlertDialog.h">
      <Filter>Header Files</Filter>
    </QtMoc>
    <QtMoc Include="Task\TaskWebEngineBridge.h">
      <Filter>Header Files</Filter>
    </QtMoc>
    <QtMoc Include="Task\TaskWebEnginePage.h">
      <Filter>Header Files</Filter>
    </QtMoc>
    <QtMoc Include="Task\TaskWebEngineProfile.h">
      <Filter>Header Files</Filter>
    </QtMoc>
    <QtMoc Include="Task\TaskWebEngineView.h">
      <Filter>Header Files</Filter>
    </QtMoc>
    <ClInclude Include="Utils\Utils.h">
      <Filter>Header Files</Filter>
    </ClInclude>
    <QtMoc Include="Index\VersionDialog.h">
      <Filter>Header Files</Filter>
    </QtMoc>
    <ClInclude Include="Utils\constant.h">
      <Filter>Header Files</Filter>
    </ClInclude>
    <QtMoc Include="Utils\database.h">
      <Filter>Header Files</Filter>
    </QtMoc>
    <QtMoc Include="Task\mCustomtaskSmartalertClick.h">
      <Filter>Header Files</Filter>
    </QtMoc>
    <QtMoc Include="Task\mCustomtaskSmartalertItem.h">
      <Filter>Header Files</Filter>
    </QtMoc>
    <QtMoc Include="Task\mCustomtaskSmartalertSelectall.h">
      <Filter>Header Files</Filter>
    </QtMoc>
    <QtMoc Include="Task\mCustomtaskSmartalertSuccess.h">
      <Filter>Header Files</Filter>
    </QtMoc>
    <QtMoc Include="Task\mCustomtaskSmartalertXpath.h">
      <Filter>Header Files</Filter>
    </QtMoc>
    <QtMoc Include="TaskFlow\flowleftwidget\mDownArrow.h">
      <Filter>Header Files</Filter>
    </QtMoc>
    <ClInclude Include="TaskFlow\mFcHelper.h">
      <Filter>Header Files</Filter>
    </ClInclude>
    <ClInclude Include="TaskFlow\mFcModels.h">
      <Filter>Header Files</Filter>
    </ClInclude>
    <QtMoc Include="TaskFlow\flowleftwidget\mFlowButtonWidget.h">
      <Filter>Header Files</Filter>
    </QtMoc>
    <QtMoc Include="TaskFlow\flowleftwidget\mFlowIfWidget.h">
      <Filter>Header Files</Filter>
    </QtMoc>
    <QtMoc Include="TaskFlow\flowleftwidget\mFlowLoopWidget.h">
      <Filter>Header Files</Filter>
    </QtMoc>
    <QtMoc Include="TaskFlow\flowleftwidget\mFlowMenuToolbutton.h">
      <Filter>Header Files</Filter>
    </QtMoc>
    <QtMoc Include="TaskFlow\flowright\mFlowRightClickeleWidget.h">
      <Filter>Header Files</Filter>
    </QtMoc>
    <QtMoc Include="TaskFlow\flowright\mFlowRightExtractWidget.h">
      <Filter>Header Files</Filter>
    </QtMoc>
    <QtMoc Include="TaskFlow\flowright\mFlowRightIfWidget.h">
      <Filter>Header Files</Filter>
    </QtMoc>
    <QtMoc Include="TaskFlow\flowright\mFlowRightInputWidget.h">
      <Filter>Header Files</Filter>
    </QtMoc>
    <QtMoc Include="TaskFlow\flowright\mFlowRightLoopWidget.h">
      <Filter>Header Files</Filter>
    </QtMoc>
    <QtMoc Include="TaskFlow\flowright\mFlowRightMouseWidget.h">
      <Filter>Header Files</Filter>
    </QtMoc>
    <QtMoc Include="TaskFlow\flowright\mFlowRightOpenwebWidget.h">
      <Filter>Header Files</Filter>
    </QtMoc>
    <QtMoc Include="TaskFlow\flowright\mFlowRightSwitchWidget.h">
      <Filter>Header Files</Filter>
    </QtMoc>
    <QtMoc Include="TaskFlow\flowright\mFlowRightTipWidget.h">
      <Filter>Header Files</Filter>
    </QtMoc>
    <QtMoc Include="TaskFlow\flowleftwidget\mFlowStepMenuDialog.h">
      <Filter>Header Files</Filter>
    </QtMoc>
    <QtMoc Include="TaskFlow\flowright\mOptionBox.h">
      <Filter>Header Files</Filter>
    </QtMoc>
    <QtMoc Include="TaskFlow\flowright\mRightSave.h">
      <Filter>Header Files</Filter>
    </QtMoc>
    <QtMoc Include="TaskFlow\flowright\mRollWidget.h">
      <Filter>Header Files</Filter>
    </QtMoc>
    <QtMoc Include="TaskFlow\mTaskDeserialize.h">
      <Filter>Header Files</Filter>
    </QtMoc>
    <QtMoc Include="TaskFlow\mTaskSerialize.h">
      <Filter>Header Files</Filter>
    </QtMoc>
    <QtMoc Include="mainwindow.h">
      <Filter>Header Files</Filter>
    </QtMoc>
    <ClInclude Include="Utils\models.h">
      <Filter>Header Files</Filter>
    </ClInclude>
    <QtMoc Include="TaskFlow\pageCustomtaskFlow.h">
      <Filter>Header Files</Filter>
    </QtMoc>
    <QtMoc Include="TaskFlow\pageCustomtaskFlowControl.h">
      <Filter>Header Files</Filter>
    </QtMoc>
    <CustomBuild Include="stable.h">
      <Filter>Header Files</Filter>
    </CustomBuild>
    <ClInclude Include="style.h">
      <Filter>Header Files</Filter>
    </ClInclude>
    <QtMoc Include="tab.h">
      <Filter>Header Files</Filter>
    </QtMoc>
    <ClInclude Include="3rdparty\QXlsx\header\xlsxabstractooxmlfile.h">
      <Filter>Header Files</Filter>
    </ClInclude>
    <ClInclude Include="3rdparty\QXlsx\header\xlsxabstractooxmlfile_p.h">
      <Filter>Header Files</Filter>
    </ClInclude>
    <ClInclude Include="3rdparty\QXlsx\header\xlsxabstractsheet.h">
      <Filter>Header Files</Filter>
    </ClInclude>
    <ClInclude Include="3rdparty\QXlsx\header\xlsxabstractsheet_p.h">
      <Filter>Header Files</Filter>
    </ClInclude>
    <ClInclude Include="3rdparty\QXlsx\header\xlsxcell.h">
      <Filter>Header Files</Filter>
    </ClInclude>
    <ClInclude Include="3rdparty\QXlsx\header\xlsxcell_p.h">
      <Filter>Header Files</Filter>
    </ClInclude>
    <ClInclude Include="3rdparty\QXlsx\header\xlsxcellformula.h">
      <Filter>Header Files</Filter>
    </ClInclude>
    <ClInclude Include="3rdparty\QXlsx\header\xlsxcellformula_p.h">
      <Filter>Header Files</Filter>
    </ClInclude>
    <ClInclude Include="3rdparty\QXlsx\header\xlsxcelllocation.h">
      <Filter>Header Files</Filter>
    </ClInclude>
    <ClInclude Include="3rdparty\QXlsx\header\xlsxcellrange.h">
      <Filter>Header Files</Filter>
    </ClInclude>
    <ClInclude Include="3rdparty\QXlsx\header\xlsxcellreference.h">
      <Filter>Header Files</Filter>
    </ClInclude>
    <ClInclude Include="3rdparty\QXlsx\header\xlsxchart.h">
      <Filter>Header Files</Filter>
    </ClInclude>
    <ClInclude Include="3rdparty\QXlsx\header\xlsxchart_p.h">
      <Filter>Header Files</Filter>
    </ClInclude>
    <ClInclude Include="3rdparty\QXlsx\header\xlsxchartsheet.h">
      <Filter>Header Files</Filter>
    </ClInclude>
    <ClInclude Include="3rdparty\QXlsx\header\xlsxchartsheet_p.h">
      <Filter>Header Files</Filter>
    </ClInclude>
    <ClInclude Include="3rdparty\QXlsx\header\xlsxcolor_p.h">
      <Filter>Header Files</Filter>
    </ClInclude>
    <ClInclude Include="3rdparty\QXlsx\header\xlsxconditionalformatting.h">
      <Filter>Header Files</Filter>
    </ClInclude>
    <ClInclude Include="3rdparty\QXlsx\header\xlsxconditionalformatting_p.h">
      <Filter>Header Files</Filter>
    </ClInclude>
    <ClInclude Include="3rdparty\QXlsx\header\xlsxcontenttypes_p.h">
      <Filter>Header Files</Filter>
    </ClInclude>
    <ClInclude Include="3rdparty\QXlsx\header\xlsxdatavalidation.h">
      <Filter>Header Files</Filter>
    </ClInclude>
    <ClInclude Include="3rdparty\QXlsx\header\xlsxdatavalidation_p.h">
      <Filter>Header Files</Filter>
    </ClInclude>
    <ClInclude Include="3rdparty\QXlsx\header\xlsxdatetype.h">
      <Filter>Header Files</Filter>
    </ClInclude>
    <ClInclude Include="3rdparty\QXlsx\header\xlsxdocpropsapp_p.h">
      <Filter>Header Files</Filter>
    </ClInclude>
    <ClInclude Include="3rdparty\QXlsx\header\xlsxdocpropscore_p.h">
      <Filter>Header Files</Filter>
    </ClInclude>
    <QtMoc Include="3rdparty\QXlsx\header\xlsxdocument.h">
      <Filter>Header Files</Filter>
    </QtMoc>
    <ClInclude Include="3rdparty\QXlsx\header\xlsxdocument_p.h">
      <Filter>Header Files</Filter>
    </ClInclude>
    <ClInclude Include="3rdparty\QXlsx\header\xlsxdrawing_p.h">
      <Filter>Header Files</Filter>
    </ClInclude>
    <ClInclude Include="3rdparty\QXlsx\header\xlsxdrawinganchor_p.h">
      <Filter>Header Files</Filter>
    </ClInclude>
    <ClInclude Include="3rdparty\QXlsx\header\xlsxformat.h">
      <Filter>Header Files</Filter>
    </ClInclude>
    <ClInclude Include="3rdparty\QXlsx\header\xlsxformat_p.h">
      <Filter>Header Files</Filter>
    </ClInclude>
    <ClInclude Include="3rdparty\QXlsx\header\xlsxglobal.h">
      <Filter>Header Files</Filter>
    </ClInclude>
    <ClInclude Include="3rdparty\QXlsx\header\xlsxmediafile_p.h">
      <Filter>Header Files</Filter>
    </ClInclude>
    <ClInclude Include="3rdparty\QXlsx\header\xlsxnumformatparser_p.h">
      <Filter>Header Files</Filter>
    </ClInclude>
    <ClInclude Include="3rdparty\QXlsx\header\xlsxrelationships_p.h">
      <Filter>Header Files</Filter>
    </ClInclude>
    <ClInclude Include="3rdparty\QXlsx\header\xlsxrichstring.h">
      <Filter>Header Files</Filter>
    </ClInclude>
    <ClInclude Include="3rdparty\QXlsx\header\xlsxrichstring_p.h">
      <Filter>Header Files</Filter>
    </ClInclude>
    <ClInclude Include="3rdparty\QXlsx\header\xlsxsharedstrings_p.h">
      <Filter>Header Files</Filter>
    </ClInclude>
    <ClInclude Include="3rdparty\QXlsx\header\xlsxsimpleooxmlfile_p.h">
      <Filter>Header Files</Filter>
    </ClInclude>
    <ClInclude Include="3rdparty\QXlsx\header\xlsxstyles_p.h">
      <Filter>Header Files</Filter>
    </ClInclude>
    <ClInclude Include="3rdparty\QXlsx\header\xlsxtheme_p.h">
      <Filter>Header Files</Filter>
    </ClInclude>
    <ClInclude Include="3rdparty\QXlsx\header\xlsxutility_p.h">
      <Filter>Header Files</Filter>
    </ClInclude>
    <ClInclude Include="3rdparty\QXlsx\header\xlsxworkbook.h">
      <Filter>Header Files</Filter>
    </ClInclude>
    <ClInclude Include="3rdparty\QXlsx\header\xlsxworkbook_p.h">
      <Filter>Header Files</Filter>
    </ClInclude>
    <ClInclude Include="3rdparty\QXlsx\header\xlsxworksheet.h">
      <Filter>Header Files</Filter>
    </ClInclude>
    <ClInclude Include="3rdparty\QXlsx\header\xlsxworksheet_p.h">
      <Filter>Header Files</Filter>
    </ClInclude>
    <ClInclude Include="3rdparty\QXlsx\header\xlsxzipreader_p.h">
      <Filter>Header Files</Filter>
    </ClInclude>
    <ClInclude Include="3rdparty\QXlsx\header\xlsxzipwriter_p.h">
      <Filter>Header Files</Filter>
    </ClInclude>
  </ItemGroup>
  <ItemGroup>
    <CustomBuild Include="debug\moc_predefs.h.cbt">
      <Filter>Generated Files</Filter>
    </CustomBuild>
    <CustomBuild Include="release\moc_predefs.h.cbt">
      <Filter>Generated Files</Filter>
    </CustomBuild>
    <ClCompile Include="stable.h.cpp">
      <Filter>Generated Files</Filter>
    </ClCompile>
  </ItemGroup>
  <ItemGroup>
    <QtUic Include="TaskFlow\flowleftwidget\mFlowIfWidget.ui">
      <Filter>Form Files</Filter>
    </QtUic>
    <QtUic Include="TaskFlow\flowleftwidget\mFlowLoopWidget.ui">
      <Filter>Form Files</Filter>
    </QtUic>
  </ItemGroup>
  <ItemGroup>
    <None Include="res\images\icon\mainwindow\add.png">
      <Filter>Resource Files</Filter>
    </None>
    <None Include="res\images\icon\flow\arrow-circle.png">
      <Filter>Resource Files</Filter>
    </None>
    <None Include="res\images\icon\flow\arrow-down.png">
      <Filter>Resource Files</Filter>
    </None>
    <None Include="res\images\icon\blank.png">
      <Filter>Resource Files</Filter>
    </None>
    <None Include="res\images\control\captcha.jpg">
      <Filter>Resource Files</Filter>
    </None>
    <None Include="res\images\control\click.jpg">
      <Filter>Resource Files</Filter>
    </None>
    <None Include="res\images\control\controls.json">
      <Filter>Resource Files</Filter>
    </None>
    <None Include="res\js\customtask.js.txt">
      <Filter>Resource Files</Filter>
    </None>
    <None Include="res\images\icon\user\del.png">
      <Filter>Resource Files</Filter>
    </None>
    <None Include="res\images\control\end-loop.jpg">
      <Filter>Resource Files</Filter>
    </None>
    <None Include="res\images\control\end.jpg">
      <Filter>Resource Files</Filter>
    </None>
    <None Include="res\images\icon\error.png">
      <Filter>Resource Files</Filter>
    </None>
    <None Include="res\js\execute.js.txt">
      <Filter>Resource Files</Filter>
    </None>
    <None Include="res\images\control\extract-data.jpg">
      <Filter>Resource Files</Filter>
    </None>
    <None Include="res\images\icon\feedback.png">
      <Filter>Resource Files</Filter>
    </None>
    <None Include="res\images\icon\flow\help.png">
      <Filter>Resource Files</Filter>
    </None>
    <None Include="res\images\control\if-else.jpg">
      <Filter>Resource Files</Filter>
    </None>
    <None Include="res\images\control\input-text.jpg">
      <Filter>Resource Files</Filter>
    </None>
    <None Include="res\images\loading.gif">
      <Filter>Resource Files</Filter>
    </None>
    <None Include="logo.ico">
      <Filter>Resource Files</Filter>
    </None>
    <None Include="res\images\logo.png">
      <Filter>Resource Files</Filter>
    </None>
    <None Include="res\images\icon\logout.png">
      <Filter>Resource Files</Filter>
    </None>
    <None Include="res\images\control\loop.jpg">
      <Filter>Resource Files</Filter>
    </None>
    <None Include="res\images\icon\mainwindow\manage.png">
      <Filter>Resource Files</Filter>
    </None>
    <None Include="res\images\icon\user\menu.png">
      <Filter>Resource Files</Filter>
    </None>
    <None Include="res\images\control\mouse-ele.jpg">
      <Filter>Resource Files</Filter>
    </None>
    <None Include="res\images\control\open.jpg">
      <Filter>Resource Files</Filter>
    </None>
    <None Include="res\images\icon\password.png">
      <Filter>Resource Files</Filter>
    </None>
    <None Include="res\images\icon\flow\pause.png">
      <Filter>Resource Files</Filter>
    </None>
    <None Include="res\js\lib\qwebchannel.js.txt">
      <Filter>Resource Files</Filter>
    </None>
    <None Include="res\js\lib\qwebchannel_release.js.txt">
      <Filter>Resource Files</Filter>
    </None>
    <None Include="res\images\icon\flow\refresh.png">
      <Filter>Resource Files</Filter>
    </None>
    <QtRcc Include="res.qrc">
      <Filter>Resource Files</Filter>
    </QtRcc>
    <None Include="res\images\icon\search.png">
      <Filter>Resource Files</Filter>
    </None>
    <None Include="res\images\icon\searchblack.png">
      <Filter>Resource Files</Filter>
    </None>
    <None Include="res\images\icon\settings.png">
      <Filter>Resource Files</Filter>
    </None>
    <None Include="res\images\icon\flow\start.png">
      <Filter>Resource Files</Filter>
    </None>
    <None Include="res\images\icon\stop.png">
      <Filter>Resource Files</Filter>
    </None>
    <None Include="res\qss\style.qss">
      <Filter>Resource Files</Filter>
    </None>
    <None Include="res\images\icon\success.png">
      <Filter>Resource Files</Filter>
    </None>
    <None Include="res\images\control\switch-select.jpg">
      <Filter>Resource Files</Filter>
    </None>
    <None Include="res\images\icon\flow\tip.png">
      <Filter>Resource Files</Filter>
    </None>
    <None Include="res\images\icon\user.png">
      <Filter>Resource Files</Filter>
    </None>
    <None Include="res\images\icon\username.png">
      <Filter>Resource Files</Filter>
    </None>
    <None Include="res\images\icon\verify.png">
      <Filter>Resource Files</Filter>
    </None>
    <None Include="res\images\icon\warning.png">
      <Filter>Resource Files</Filter>
    </None>
  </ItemGroup>
  <ItemGroup>
    <None Include="README.md">
      <Filter>Distribution Files</Filter>
    </None>
  </ItemGroup>
  <ItemGroup>
    <ResourceCompile Include="E:\codes\C++\QT\Glintree\Glintree_resource.rc" />
  </ItemGroup>
</Project>